// !$*UTF8*$!
{
	archiveVersion = 1;
	classes = {
	};
	objectVersion = 55;
	objects = {

/* Begin PBXBuildFile section */
		15EBB1313D762FD19ED2E4EE /* Pods_AWSL.framework in Frameworks */ = {isa = PBXBuildFile; fileRef = 306D608070E05395D6452100 /* Pods_AWSL.framework */; };
		426F6A5A28BCE5E500C9865A /* CellSizeCalculator.swift in Sources */ = {isa = PBXBuildFile; fileRef = 426F6A5928BCE5E500C9865A /* CellSizeCalculator.swift */; };
		426F6AA128BF38F400C9865A /* DefaultsProperty.swift in Sources */ = {isa = PBXBuildFile; fileRef = 426F6AA028BF38F400C9865A /* DefaultsProperty.swift */; };
		426F6AA528C0B64000C9865A /* ThemeManager.swift in Sources */ = {isa = PBXBuildFile; fileRef = 426F6AA428C0B64000C9865A /* ThemeManager.swift */; };
		426F6AA728C0BEBE00C9865A /* SettingsViewController.swift in Sources */ = {isa = PBXBuildFile; fileRef = 426F6AA628C0BEBE00C9865A /* SettingsViewController.swift */; };
		426F6AA928C0BECB00C9865A /* ProducersViewController.swift in Sources */ = {isa = PBXBuildFile; fileRef = 426F6AA828C0BECB00C9865A /* ProducersViewController.swift */; };
		426F6AC428C1B34A00C9865A /* SelectionCell.swift in Sources */ = {isa = PBXBuildFile; fileRef = 426F6AC328C1B34A00C9865A /* SelectionCell.swift */; };
		426F6AC628C1B40C00C9865A /* TitleValueCell.swift in Sources */ = {isa = PBXBuildFile; fileRef = 426F6AC528C1B40C00C9865A /* TitleValueCell.swift */; };
		426F6AC828C1B57B00C9865A /* SettingSectionHeaderView.swift in Sources */ = {isa = PBXBuildFile; fileRef = 426F6AC728C1B57B00C9865A /* SettingSectionHeaderView.swift */; };
		42D28A8D28C1E71000276C27 /* ProducerPhotosViewController.swift in Sources */ = {isa = PBXBuildFile; fileRef = 42D28A8C28C1E71000276C27 /* ProducerPhotosViewController.swift */; };
		42D28A9128C7218B00276C27 /* GetInReviewInfo.swift in Sources */ = {isa = PBXBuildFile; fileRef = 42D28A9028C7218B00276C27 /* GetInReviewInfo.swift */; };
		42D28A9928C731AF00276C27 /* App.swift in Sources */ = {isa = PBXBuildFile; fileRef = 42D28A9828C731AF00276C27 /* App.swift */; };
		42D28AB028C8787400276C27 /* LicenseViewController.swift in Sources */ = {isa = PBXBuildFile; fileRef = 42D28AAF28C8787400276C27 /* LicenseViewController.swift */; };
		42D28AB328C87BD600276C27 /* R.generated.swift in Sources */ = {isa = PBXBuildFile; fileRef = 42D28AB228C87BD600276C27 /* R.generated.swift */; };
		42D28AB728C87ED000276C27 /* Localizable.strings in Resources */ = {isa = PBXBuildFile; fileRef = 42D28AB928C87ED000276C27 /* Localizable.strings */; };
		42DAD95428B8853900C5FCA3 /* PhotoListViewController.swift in Sources */ = {isa = PBXBuildFile; fileRef = 42DAD95328B8853900C5FCA3 /* PhotoListViewController.swift */; };
		42DAD95628B8960D00C5FCA3 /* Network.swift in Sources */ = {isa = PBXBuildFile; fileRef = 42DAD95528B8960D00C5FCA3 /* Network.swift */; };
		42DAD95828B89A4400C5FCA3 /* GetPhotoList.swift in Sources */ = {isa = PBXBuildFile; fileRef = 42DAD95728B89A4400C5FCA3 /* GetPhotoList.swift */; };
		42DAD95B28B89EEC00C5FCA3 /* PhotoCell.swift in Sources */ = {isa = PBXBuildFile; fileRef = 42DAD95A28B89EEC00C5FCA3 /* PhotoCell.swift */; };
		42DAD95D28B8A25A00C5FCA3 /* ViewReusable.swift in Sources */ = {isa = PBXBuildFile; fileRef = 42DAD95C28B8A25A00C5FCA3 /* ViewReusable.swift */; };
		42DAD95F28B8BE2A00C5FCA3 /* LoadingCell.swift in Sources */ = {isa = PBXBuildFile; fileRef = 42DAD95E28B8BE2A00C5FCA3 /* LoadingCell.swift */; };
		42DAD96128B8C9B500C5FCA3 /* GetProducers.swift in Sources */ = {isa = PBXBuildFile; fileRef = 42DAD96028B8C9B500C5FCA3 /* GetProducers.swift */; };
		42DAD96328B8CA4800C5FCA3 /* AddProducer.swift in Sources */ = {isa = PBXBuildFile; fileRef = 42DAD96228B8CA4800C5FCA3 /* AddProducer.swift */; };
		42DAD96528B8CCB000C5FCA3 /* PhotoBrowserViewController.swift in Sources */ = {isa = PBXBuildFile; fileRef = 42DAD96428B8CCB000C5FCA3 /* PhotoBrowserViewController.swift */; };
		42DAD96728B8D07700C5FCA3 /* CircleProgressView.swift in Sources */ = {isa = PBXBuildFile; fileRef = 42DAD96628B8D07700C5FCA3 /* CircleProgressView.swift */; };
		42FDB9E528B869B400979471 /* AppDelegate.swift in Sources */ = {isa = PBXBuildFile; fileRef = 42FDB9E428B869B400979471 /* AppDelegate.swift */; };
		42FDB9E728B869B400979471 /* SceneDelegate.swift in Sources */ = {isa = PBXBuildFile; fileRef = 42FDB9E628B869B400979471 /* SceneDelegate.swift */; };
		42FDB9EE28B869B500979471 /* Assets.xcassets in Resources */ = {isa = PBXBuildFile; fileRef = 42FDB9ED28B869B500979471 /* Assets.xcassets */; };
		42FDB9F128B869B500979471 /* LaunchScreen.storyboard in Resources */ = {isa = PBXBuildFile; fileRef = 42FDB9EF28B869B500979471 /* LaunchScreen.storyboard */; };
		A64DBB8228BA144900F83D01 /* ProducerCell.swift in Sources */ = {isa = PBXBuildFile; fileRef = A64DBB8128BA144900F83D01 /* ProducerCell.swift */; };
		A6F4F57128B8FE3000AC03CF /* Toast.swift in Sources */ = {isa = PBXBuildFile; fileRef = A6F4F57028B8FE3000AC03CF /* Toast.swift */; };
		A6F4F57328B909B700AC03CF /* PresentationAnimator.swift in Sources */ = {isa = PBXBuildFile; fileRef = A6F4F57228B909B700AC03CF /* PresentationAnimator.swift */; };
/* End PBXBuildFile section */

/* Begin PBXFileReference section */
		306D608070E05395D6452100 /* Pods_AWSL.framework */ = {isa = PBXFileReference; explicitFileType = wrapper.framework; includeInIndex = 0; path = Pods_AWSL.framework; sourceTree = BUILT_PRODUCTS_DIR; };
		426F6A5928BCE5E500C9865A /* CellSizeCalculator.swift */ = {isa = PBXFileReference; lastKnownFileType = sourcecode.swift; path = CellSizeCalculator.swift; sourceTree = "<group>"; };
		426F6AA028BF38F400C9865A /* DefaultsProperty.swift */ = {isa = PBXFileReference; lastKnownFileType = sourcecode.swift; path = DefaultsProperty.swift; sourceTree = "<group>"; };
		426F6AA428C0B64000C9865A /* ThemeManager.swift */ = {isa = PBXFileReference; lastKnownFileType = sourcecode.swift; path = ThemeManager.swift; sourceTree = "<group>"; };
		426F6AA628C0BEBE00C9865A /* SettingsViewController.swift */ = {isa = PBXFileReference; lastKnownFileType = sourcecode.swift; path = SettingsViewController.swift; sourceTree = "<group>"; };
		426F6AA828C0BECB00C9865A /* ProducersViewController.swift */ = {isa = PBXFileReference; lastKnownFileType = sourcecode.swift; path = ProducersViewController.swift; sourceTree = "<group>"; };
		426F6AC328C1B34A00C9865A /* SelectionCell.swift */ = {isa = PBXFileReference; lastKnownFileType = sourcecode.swift; path = SelectionCell.swift; sourceTree = "<group>"; };
		426F6AC528C1B40C00C9865A /* TitleValueCell.swift */ = {isa = PBXFileReference; lastKnownFileType = sourcecode.swift; path = TitleValueCell.swift; sourceTree = "<group>"; };
		426F6AC728C1B57B00C9865A /* SettingSectionHeaderView.swift */ = {isa = PBXFileReference; lastKnownFileType = sourcecode.swift; path = SettingSectionHeaderView.swift; sourceTree = "<group>"; };
		42D28A8C28C1E71000276C27 /* ProducerPhotosViewController.swift */ = {isa = PBXFileReference; lastKnownFileType = sourcecode.swift; path = ProducerPhotosViewController.swift; sourceTree = "<group>"; };
		42D28A9028C7218B00276C27 /* GetInReviewInfo.swift */ = {isa = PBXFileReference; lastKnownFileType = sourcecode.swift; path = GetInReviewInfo.swift; sourceTree = "<group>"; };
		42D28A9828C731AF00276C27 /* App.swift */ = {isa = PBXFileReference; lastKnownFileType = sourcecode.swift; path = App.swift; sourceTree = "<group>"; };
		42D28AAF28C8787400276C27 /* LicenseViewController.swift */ = {isa = PBXFileReference; lastKnownFileType = sourcecode.swift; path = LicenseViewController.swift; sourceTree = "<group>"; };
		42D28AB228C87BD600276C27 /* R.generated.swift */ = {isa = PBXFileReference; fileEncoding = 4; lastKnownFileType = sourcecode.swift; path = R.generated.swift; sourceTree = "<group>"; };
		42D28AB628C87EC400276C27 /* zh-Hans */ = {isa = PBXFileReference; lastKnownFileType = text.plist.strings; name = "zh-Hans"; path = "zh-Hans.lproj/LaunchScreen.strings"; sourceTree = "<group>"; };
		42D28AB828C87ED000276C27 /* zh-Hans */ = {isa = PBXFileReference; lastKnownFileType = text.plist.strings; name = "zh-Hans"; path = "zh-Hans.lproj/Localizable.strings"; sourceTree = "<group>"; };
		42DAD95328B8853900C5FCA3 /* PhotoListViewController.swift */ = {isa = PBXFileReference; lastKnownFileType = sourcecode.swift; path = PhotoListViewController.swift; sourceTree = "<group>"; };
		42DAD95528B8960D00C5FCA3 /* Network.swift */ = {isa = PBXFileReference; lastKnownFileType = sourcecode.swift; path = Network.swift; sourceTree = "<group>"; };
		42DAD95728B89A4400C5FCA3 /* GetPhotoList.swift */ = {isa = PBXFileReference; lastKnownFileType = sourcecode.swift; path = GetPhotoList.swift; sourceTree = "<group>"; };
		42DAD95A28B89EEC00C5FCA3 /* PhotoCell.swift */ = {isa = PBXFileReference; lastKnownFileType = sourcecode.swift; path = PhotoCell.swift; sourceTree = "<group>"; };
		42DAD95C28B8A25A00C5FCA3 /* ViewReusable.swift */ = {isa = PBXFileReference; lastKnownFileType = sourcecode.swift; path = ViewReusable.swift; sourceTree = "<group>"; };
		42DAD95E28B8BE2A00C5FCA3 /* LoadingCell.swift */ = {isa = PBXFileReference; lastKnownFileType = sourcecode.swift; path = LoadingCell.swift; sourceTree = "<group>"; };
		42DAD96028B8C9B500C5FCA3 /* GetProducers.swift */ = {isa = PBXFileReference; lastKnownFileType = sourcecode.swift; path = GetProducers.swift; sourceTree = "<group>"; };
		42DAD96228B8CA4800C5FCA3 /* AddProducer.swift */ = {isa = PBXFileReference; lastKnownFileType = sourcecode.swift; path = AddProducer.swift; sourceTree = "<group>"; };
		42DAD96428B8CCB000C5FCA3 /* PhotoBrowserViewController.swift */ = {isa = PBXFileReference; lastKnownFileType = sourcecode.swift; path = PhotoBrowserViewController.swift; sourceTree = "<group>"; };
		42DAD96628B8D07700C5FCA3 /* CircleProgressView.swift */ = {isa = PBXFileReference; lastKnownFileType = sourcecode.swift; path = CircleProgressView.swift; sourceTree = "<group>"; };
		42FDB9E128B869B400979471 /* AWSL.app */ = {isa = PBXFileReference; explicitFileType = wrapper.application; includeInIndex = 0; path = AWSL.app; sourceTree = BUILT_PRODUCTS_DIR; };
		42FDB9E428B869B400979471 /* AppDelegate.swift */ = {isa = PBXFileReference; lastKnownFileType = sourcecode.swift; path = AppDelegate.swift; sourceTree = "<group>"; };
		42FDB9E628B869B400979471 /* SceneDelegate.swift */ = {isa = PBXFileReference; lastKnownFileType = sourcecode.swift; path = SceneDelegate.swift; sourceTree = "<group>"; };
		42FDB9ED28B869B500979471 /* Assets.xcassets */ = {isa = PBXFileReference; lastKnownFileType = folder.assetcatalog; path = Assets.xcassets; sourceTree = "<group>"; };
		42FDB9F028B869B500979471 /* Base */ = {isa = PBXFileReference; lastKnownFileType = file.storyboard; name = Base; path = Base.lproj/LaunchScreen.storyboard; sourceTree = "<group>"; };
		42FDB9F228B869B500979471 /* Info.plist */ = {isa = PBXFileReference; lastKnownFileType = text.plist.xml; path = Info.plist; sourceTree = "<group>"; };
		6329CAC9989CF49DF01C9A2C /* Pods-AWSL.debug.xcconfig */ = {isa = PBXFileReference; includeInIndex = 1; lastKnownFileType = text.xcconfig; name = "Pods-AWSL.debug.xcconfig"; path = "Target Support Files/Pods-AWSL/Pods-AWSL.debug.xcconfig"; sourceTree = "<group>"; };
		A64DBB8128BA144900F83D01 /* ProducerCell.swift */ = {isa = PBXFileReference; lastKnownFileType = sourcecode.swift; path = ProducerCell.swift; sourceTree = "<group>"; };
		A6F4F57028B8FE3000AC03CF /* Toast.swift */ = {isa = PBXFileReference; lastKnownFileType = sourcecode.swift; path = Toast.swift; sourceTree = "<group>"; };
		A6F4F57228B909B700AC03CF /* PresentationAnimator.swift */ = {isa = PBXFileReference; lastKnownFileType = sourcecode.swift; path = PresentationAnimator.swift; sourceTree = "<group>"; };
		EECD763E72D0C4B5201A2D38 /* Pods-AWSL.release.xcconfig */ = {isa = PBXFileReference; includeInIndex = 1; lastKnownFileType = text.xcconfig; name = "Pods-AWSL.release.xcconfig"; path = "Target Support Files/Pods-AWSL/Pods-AWSL.release.xcconfig"; sourceTree = "<group>"; };
/* End PBXFileReference section */

/* Begin PBXFrameworksBuildPhase section */
		42FDB9DE28B869B400979471 /* Frameworks */ = {
			isa = PBXFrameworksBuildPhase;
			buildActionMask = 2147483647;
			files = (
				15EBB1313D762FD19ED2E4EE /* Pods_AWSL.framework in Frameworks */,
			);
			runOnlyForDeploymentPostprocessing = 0;
		};
/* End PBXFrameworksBuildPhase section */

/* Begin PBXGroup section */
		214C38C3B9462C3A81AFDD87 /* Pods */ = {
			isa = PBXGroup;
			children = (
				6329CAC9989CF49DF01C9A2C /* Pods-AWSL.debug.xcconfig */,
				EECD763E72D0C4B5201A2D38 /* Pods-AWSL.release.xcconfig */,
			);
			path = Pods;
			sourceTree = "<group>";
		};
		42DAD95928B89CBD00C5FCA3 /* Api */ = {
			isa = PBXGroup;
			children = (
				42D28A9028C7218B00276C27 /* GetInReviewInfo.swift */,
				42DAD95728B89A4400C5FCA3 /* GetPhotoList.swift */,
				42DAD96028B8C9B500C5FCA3 /* GetProducers.swift */,
				42DAD96228B8CA4800C5FCA3 /* AddProducer.swift */,
			);
			path = Api;
			sourceTree = "<group>";
		};
		42FDB9D828B869B400979471 = {
			isa = PBXGroup;
			children = (
				42FDB9E328B869B400979471 /* AWSL */,
				42FDB9E228B869B400979471 /* Products */,
				214C38C3B9462C3A81AFDD87 /* Pods */,
				B80906257F0FD35411ED9687 /* Frameworks */,
			);
			sourceTree = "<group>";
		};
		42FDB9E228B869B400979471 /* Products */ = {
			isa = PBXGroup;
			children = (
				42FDB9E128B869B400979471 /* AWSL.app */,
			);
			name = Products;
			sourceTree = "<group>";
		};
		42FDB9E328B869B400979471 /* AWSL */ = {
			isa = PBXGroup;
			children = (
				42FDB9E428B869B400979471 /* AppDelegate.swift */,
				42FDB9E628B869B400979471 /* SceneDelegate.swift */,
				A64DBB8528BA37BD00F83D01 /* Controller */,
				A64DBB8628BA37C300F83D01 /* Model */,
				A64DBB8728BA37C800F83D01 /* View */,
				A64DBB8828BA37FC00F83D01 /* Util */,
				42D28AB228C87BD600276C27 /* R.generated.swift */,
				42D28AB928C87ED000276C27 /* Localizable.strings */,
				42FDB9ED28B869B500979471 /* Assets.xcassets */,
				42FDB9EF28B869B500979471 /* LaunchScreen.storyboard */,
				42FDB9F228B869B500979471 /* Info.plist */,
			);
			path = AWSL;
			sourceTree = "<group>";
		};
		A64DBB8528BA37BD00F83D01 /* Controller */ = {
			isa = PBXGroup;
			children = (
				42DAD95328B8853900C5FCA3 /* PhotoListViewController.swift */,
				42DAD96428B8CCB000C5FCA3 /* PhotoBrowserViewController.swift */,
				426F6AA828C0BECB00C9865A /* ProducersViewController.swift */,
				42D28A8C28C1E71000276C27 /* ProducerPhotosViewController.swift */,
				426F6AA628C0BEBE00C9865A /* SettingsViewController.swift */,
				42D28AAF28C8787400276C27 /* LicenseViewController.swift */,
			);
			path = Controller;
			sourceTree = "<group>";
		};
		A64DBB8628BA37C300F83D01 /* Model */ = {
			isa = PBXGroup;
			children = (
				42DAD95528B8960D00C5FCA3 /* Network.swift */,
				426F6A5928BCE5E500C9865A /* CellSizeCalculator.swift */,
				426F6AA428C0B64000C9865A /* ThemeManager.swift */,
				42D28A9828C731AF00276C27 /* App.swift */,
				42DAD95928B89CBD00C5FCA3 /* Api */,
			);
			path = Model;
			sourceTree = "<group>";
		};
		A64DBB8728BA37C800F83D01 /* View */ = {
			isa = PBXGroup;
			children = (
				42DAD95A28B89EEC00C5FCA3 /* PhotoCell.swift */,
				42DAD95E28B8BE2A00C5FCA3 /* LoadingCell.swift */,
				A64DBB8128BA144900F83D01 /* ProducerCell.swift */,
				42DAD96628B8D07700C5FCA3 /* CircleProgressView.swift */,
				426F6AC728C1B57B00C9865A /* SettingSectionHeaderView.swift */,
				426F6AC328C1B34A00C9865A /* SelectionCell.swift */,
				426F6AC528C1B40C00C9865A /* TitleValueCell.swift */,
			);
			path = View;
			sourceTree = "<group>";
		};
		A64DBB8828BA37FC00F83D01 /* Util */ = {
			isa = PBXGroup;
			children = (
				A6F4F57028B8FE3000AC03CF /* Toast.swift */,
				A6F4F57228B909B700AC03CF /* PresentationAnimator.swift */,
				42DAD95C28B8A25A00C5FCA3 /* ViewReusable.swift */,
				426F6AA028BF38F400C9865A /* DefaultsProperty.swift */,
			);
			path = Util;
			sourceTree = "<group>";
		};
		B80906257F0FD35411ED9687 /* Frameworks */ = {
			isa = PBXGroup;
			children = (
				306D608070E05395D6452100 /* Pods_AWSL.framework */,
			);
			name = Frameworks;
			sourceTree = "<group>";
		};
/* End PBXGroup section */

/* Begin PBXNativeTarget section */
		42FDB9E028B869B400979471 /* AWSL */ = {
			isa = PBXNativeTarget;
			buildConfigurationList = 42FDB9F528B869B500979471 /* Build configuration list for PBXNativeTarget "AWSL" */;
			buildPhases = (
				B226C0553ACEDD38E1D42967 /* [CP] Check Pods Manifest.lock */,
				42D28AB128C87B9E00276C27 /* R.swift */,
				42FDB9DD28B869B400979471 /* Sources */,
				42FDB9DE28B869B400979471 /* Frameworks */,
				42FDB9DF28B869B400979471 /* Resources */,
				E8FC5C4FBB83B27E59BB811D /* [CP] Embed Pods Frameworks */,
			);
			buildRules = (
			);
			dependencies = (
			);
			name = AWSL;
			productName = AWSL;
			productReference = 42FDB9E128B869B400979471 /* AWSL.app */;
			productType = "com.apple.product-type.application";
		};
/* End PBXNativeTarget section */

/* Begin PBXProject section */
		42FDB9D928B869B400979471 /* Project object */ = {
			isa = PBXProject;
			attributes = {
				BuildIndependentTargetsInParallel = 1;
				LastSwiftUpdateCheck = 1340;
				LastUpgradeCheck = 1340;
				TargetAttributes = {
					42FDB9E028B869B400979471 = {
						CreatedOnToolsVersion = 13.4.1;
					};
				};
			};
			buildConfigurationList = 42FDB9DC28B869B400979471 /* Build configuration list for PBXProject "AWSL" */;
			compatibilityVersion = "Xcode 13.0";
			developmentRegion = en;
			hasScannedForEncodings = 0;
			knownRegions = (
				en,
				Base,
				"zh-Hans",
			);
			mainGroup = 42FDB9D828B869B400979471;
			productRefGroup = 42FDB9E228B869B400979471 /* Products */;
			projectDirPath = "";
			projectRoot = "";
			targets = (
				42FDB9E028B869B400979471 /* AWSL */,
			);
		};
/* End PBXProject section */

/* Begin PBXResourcesBuildPhase section */
		42FDB9DF28B869B400979471 /* Resources */ = {
			isa = PBXResourcesBuildPhase;
			buildActionMask = 2147483647;
			files = (
				42FDB9F128B869B500979471 /* LaunchScreen.storyboard in Resources */,
				42D28AB728C87ED000276C27 /* Localizable.strings in Resources */,
				42FDB9EE28B869B500979471 /* Assets.xcassets in Resources */,
			);
			runOnlyForDeploymentPostprocessing = 0;
		};
/* End PBXResourcesBuildPhase section */

/* Begin PBXShellScriptBuildPhase section */
		42D28AB128C87B9E00276C27 /* R.swift */ = {
			isa = PBXShellScriptBuildPhase;
			alwaysOutOfDate = 1;
			buildActionMask = 2147483647;
			files = (
			);
			inputFileListPaths = (
			);
			inputPaths = (
			);
			name = R.swift;
			outputFileListPaths = (
			);
			outputPaths = (
				$SRCROOT/AWSL/R.generated.swift,
			);
			runOnlyForDeploymentPostprocessing = 0;
			shellPath = /bin/sh;
			shellScript = "# Type a script or drag a script file from your workspace to insert its path.\n\"$PODS_ROOT/R.swift/rswift\" generate \"$SRCROOT/AWSL/R.generated.swift\"\n";
		};
		B226C0553ACEDD38E1D42967 /* [CP] Check Pods Manifest.lock */ = {
			isa = PBXShellScriptBuildPhase;
			buildActionMask = 2147483647;
			files = (
			);
			inputFileListPaths = (
			);
			inputPaths = (
				"${PODS_PODFILE_DIR_PATH}/Podfile.lock",
				"${PODS_ROOT}/Manifest.lock",
			);
			name = "[CP] Check Pods Manifest.lock";
			outputFileListPaths = (
			);
			outputPaths = (
				"$(DERIVED_FILE_DIR)/Pods-AWSL-checkManifestLockResult.txt",
			);
			runOnlyForDeploymentPostprocessing = 0;
			shellPath = /bin/sh;
			shellScript = "diff \"${PODS_PODFILE_DIR_PATH}/Podfile.lock\" \"${PODS_ROOT}/Manifest.lock\" > /dev/null\nif [ $? != 0 ] ; then\n    # print error to STDERR\n    echo \"error: The sandbox is not in sync with the Podfile.lock. Run 'pod install' or update your CocoaPods installation.\" >&2\n    exit 1\nfi\n# This output is used by Xcode 'outputs' to avoid re-running this script phase.\necho \"SUCCESS\" > \"${SCRIPT_OUTPUT_FILE_0}\"\n";
			showEnvVarsInLog = 0;
		};
		E8FC5C4FBB83B27E59BB811D /* [CP] Embed Pods Frameworks */ = {
			isa = PBXShellScriptBuildPhase;
			buildActionMask = 2147483647;
			files = (
			);
			inputFileListPaths = (
				"${PODS_ROOT}/Target Support Files/Pods-AWSL/Pods-AWSL-frameworks-${CONFIGURATION}-input-files.xcfilelist",
			);
			name = "[CP] Embed Pods Frameworks";
			outputFileListPaths = (
				"${PODS_ROOT}/Target Support Files/Pods-AWSL/Pods-AWSL-frameworks-${CONFIGURATION}-output-files.xcfilelist",
			);
			runOnlyForDeploymentPostprocessing = 0;
			shellPath = /bin/sh;
			shellScript = "\"${PODS_ROOT}/Target Support Files/Pods-AWSL/Pods-AWSL-frameworks.sh\"\n";
			showEnvVarsInLog = 0;
		};
/* End PBXShellScriptBuildPhase section */

/* Begin PBXSourcesBuildPhase section */
		42FDB9DD28B869B400979471 /* Sources */ = {
			isa = PBXSourcesBuildPhase;
			buildActionMask = 2147483647;
			files = (
				42DAD95428B8853900C5FCA3 /* PhotoListViewController.swift in Sources */,
				42D28A8D28C1E71000276C27 /* ProducerPhotosViewController.swift in Sources */,
				42FDB9E528B869B400979471 /* AppDelegate.swift in Sources */,
				426F6AC828C1B57B00C9865A /* SettingSectionHeaderView.swift in Sources */,
				426F6AC428C1B34A00C9865A /* SelectionCell.swift in Sources */,
				42DAD95F28B8BE2A00C5FCA3 /* LoadingCell.swift in Sources */,
				426F6AC628C1B40C00C9865A /* TitleValueCell.swift in Sources */,
				42DAD95D28B8A25A00C5FCA3 /* ViewReusable.swift in Sources */,
				426F6A5A28BCE5E500C9865A /* CellSizeCalculator.swift in Sources */,
				42D28A9928C731AF00276C27 /* App.swift in Sources */,
				426F6AA728C0BEBE00C9865A /* SettingsViewController.swift in Sources */,
				A64DBB8228BA144900F83D01 /* ProducerCell.swift in Sources */,
				42DAD95628B8960D00C5FCA3 /* Network.swift in Sources */,
				42DAD96728B8D07700C5FCA3 /* CircleProgressView.swift in Sources */,
				A6F4F57328B909B700AC03CF /* PresentationAnimator.swift in Sources */,
				42D28AB328C87BD600276C27 /* R.generated.swift in Sources */,
				42DAD95828B89A4400C5FCA3 /* GetPhotoList.swift in Sources */,
				42DAD96128B8C9B500C5FCA3 /* GetProducers.swift in Sources */,
				426F6AA928C0BECB00C9865A /* ProducersViewController.swift in Sources */,
				42D28A9128C7218B00276C27 /* GetInReviewInfo.swift in Sources */,
				426F6AA128BF38F400C9865A /* DefaultsProperty.swift in Sources */,
				42DAD96528B8CCB000C5FCA3 /* PhotoBrowserViewController.swift in Sources */,
				42DAD95B28B89EEC00C5FCA3 /* PhotoCell.swift in Sources */,
				42D28AB028C8787400276C27 /* LicenseViewController.swift in Sources */,
				426F6AA528C0B64000C9865A /* ThemeManager.swift in Sources */,
				42FDB9E728B869B400979471 /* SceneDelegate.swift in Sources */,
				42DAD96328B8CA4800C5FCA3 /* AddProducer.swift in Sources */,
				A6F4F57128B8FE3000AC03CF /* Toast.swift in Sources */,
			);
			runOnlyForDeploymentPostprocessing = 0;
		};
/* End PBXSourcesBuildPhase section */

/* Begin PBXVariantGroup section */
		42D28AB928C87ED000276C27 /* Localizable.strings */ = {
			isa = PBXVariantGroup;
			children = (
				42D28AB828C87ED000276C27 /* zh-Hans */,
			);
			name = Localizable.strings;
			sourceTree = "<group>";
		};
		42FDB9EF28B869B500979471 /* LaunchScreen.storyboard */ = {
			isa = PBXVariantGroup;
			children = (
				42FDB9F028B869B500979471 /* Base */,
				42D28AB628C87EC400276C27 /* zh-Hans */,
			);
			name = LaunchScreen.storyboard;
			sourceTree = "<group>";
		};
/* End PBXVariantGroup section */

/* Begin XCBuildConfiguration section */
		42FDB9F328B869B500979471 /* Debug */ = {
			isa = XCBuildConfiguration;
			buildSettings = {
				ALWAYS_SEARCH_USER_PATHS = NO;
				CLANG_ANALYZER_LOCALIZABILITY_NONLOCALIZED = YES;
				CLANG_ANALYZER_NONNULL = YES;
				CLANG_ANALYZER_NUMBER_OBJECT_CONVERSION = YES_AGGRESSIVE;
				CLANG_CXX_LANGUAGE_STANDARD = "gnu++17";
				CLANG_ENABLE_MODULES = YES;
				CLANG_ENABLE_OBJC_ARC = YES;
				CLANG_ENABLE_OBJC_WEAK = YES;
				CLANG_WARN_BLOCK_CAPTURE_AUTORELEASING = YES;
				CLANG_WARN_BOOL_CONVERSION = YES;
				CLANG_WARN_COMMA = YES;
				CLANG_WARN_CONSTANT_CONVERSION = YES;
				CLANG_WARN_DEPRECATED_OBJC_IMPLEMENTATIONS = YES;
				CLANG_WARN_DIRECT_OBJC_ISA_USAGE = YES_ERROR;
				CLANG_WARN_DOCUMENTATION_COMMENTS = YES;
				CLANG_WARN_EMPTY_BODY = YES;
				CLANG_WARN_ENUM_CONVERSION = YES;
				CLANG_WARN_INFINITE_RECURSION = YES;
				CLANG_WARN_INT_CONVERSION = YES;
				CLANG_WARN_NON_LITERAL_NULL_CONVERSION = YES;
				CLANG_WARN_OBJC_IMPLICIT_RETAIN_SELF = YES;
				CLANG_WARN_OBJC_LITERAL_CONVERSION = YES;
				CLANG_WARN_OBJC_ROOT_CLASS = YES_ERROR;
				CLANG_WARN_QUOTED_INCLUDE_IN_FRAMEWORK_HEADER = YES;
				CLANG_WARN_RANGE_LOOP_ANALYSIS = YES;
				CLANG_WARN_STRICT_PROTOTYPES = YES;
				CLANG_WARN_SUSPICIOUS_MOVE = YES;
				CLANG_WARN_UNGUARDED_AVAILABILITY = YES_AGGRESSIVE;
				CLANG_WARN_UNREACHABLE_CODE = YES;
				CLANG_WARN__DUPLICATE_METHOD_MATCH = YES;
				COPY_PHASE_STRIP = NO;
				DEBUG_INFORMATION_FORMAT = dwarf;
				ENABLE_STRICT_OBJC_MSGSEND = YES;
				ENABLE_TESTABILITY = YES;
				GCC_C_LANGUAGE_STANDARD = gnu11;
				GCC_DYNAMIC_NO_PIC = NO;
				GCC_NO_COMMON_BLOCKS = YES;
				GCC_OPTIMIZATION_LEVEL = 0;
				GCC_PREPROCESSOR_DEFINITIONS = (
					"DEBUG=1",
					"$(inherited)",
				);
				GCC_WARN_64_TO_32_BIT_CONVERSION = YES;
				GCC_WARN_ABOUT_RETURN_TYPE = YES_ERROR;
				GCC_WARN_UNDECLARED_SELECTOR = YES;
				GCC_WARN_UNINITIALIZED_AUTOS = YES_AGGRESSIVE;
				GCC_WARN_UNUSED_FUNCTION = YES;
				GCC_WARN_UNUSED_VARIABLE = YES;
				IPHONEOS_DEPLOYMENT_TARGET = 14.0;
				MTL_ENABLE_DEBUG_INFO = INCLUDE_SOURCE;
				MTL_FAST_MATH = YES;
				ONLY_ACTIVE_ARCH = YES;
				SDKROOT = iphoneos;
				SWIFT_ACTIVE_COMPILATION_CONDITIONS = DEBUG;
				SWIFT_OPTIMIZATION_LEVEL = "-Onone";
			};
			name = Debug;
		};
		42FDB9F428B869B500979471 /* Release */ = {
			isa = XCBuildConfiguration;
			buildSettings = {
				ALWAYS_SEARCH_USER_PATHS = NO;
				CLANG_ANALYZER_LOCALIZABILITY_NONLOCALIZED = YES;
				CLANG_ANALYZER_NONNULL = YES;
				CLANG_ANALYZER_NUMBER_OBJECT_CONVERSION = YES_AGGRESSIVE;
				CLANG_CXX_LANGUAGE_STANDARD = "gnu++17";
				CLANG_ENABLE_MODULES = YES;
				CLANG_ENABLE_OBJC_ARC = YES;
				CLANG_ENABLE_OBJC_WEAK = YES;
				CLANG_WARN_BLOCK_CAPTURE_AUTORELEASING = YES;
				CLANG_WARN_BOOL_CONVERSION = YES;
				CLANG_WARN_COMMA = YES;
				CLANG_WARN_CONSTANT_CONVERSION = YES;
				CLANG_WARN_DEPRECATED_OBJC_IMPLEMENTATIONS = YES;
				CLANG_WARN_DIRECT_OBJC_ISA_USAGE = YES_ERROR;
				CLANG_WARN_DOCUMENTATION_COMMENTS = YES;
				CLANG_WARN_EMPTY_BODY = YES;
				CLANG_WARN_ENUM_CONVERSION = YES;
				CLANG_WARN_INFINITE_RECURSION = YES;
				CLANG_WARN_INT_CONVERSION = YES;
				CLANG_WARN_NON_LITERAL_NULL_CONVERSION = YES;
				CLANG_WARN_OBJC_IMPLICIT_RETAIN_SELF = YES;
				CLANG_WARN_OBJC_LITERAL_CONVERSION = YES;
				CLANG_WARN_OBJC_ROOT_CLASS = YES_ERROR;
				CLANG_WARN_QUOTED_INCLUDE_IN_FRAMEWORK_HEADER = YES;
				CLANG_WARN_RANGE_LOOP_ANALYSIS = YES;
				CLANG_WARN_STRICT_PROTOTYPES = YES;
				CLANG_WARN_SUSPICIOUS_MOVE = YES;
				CLANG_WARN_UNGUARDED_AVAILABILITY = YES_AGGRESSIVE;
				CLANG_WARN_UNREACHABLE_CODE = YES;
				CLANG_WARN__DUPLICATE_METHOD_MATCH = YES;
				COPY_PHASE_STRIP = NO;
				DEBUG_INFORMATION_FORMAT = "dwarf-with-dsym";
				ENABLE_NS_ASSERTIONS = NO;
				ENABLE_STRICT_OBJC_MSGSEND = YES;
				GCC_C_LANGUAGE_STANDARD = gnu11;
				GCC_NO_COMMON_BLOCKS = YES;
				GCC_WARN_64_TO_32_BIT_CONVERSION = YES;
				GCC_WARN_ABOUT_RETURN_TYPE = YES_ERROR;
				GCC_WARN_UNDECLARED_SELECTOR = YES;
				GCC_WARN_UNINITIALIZED_AUTOS = YES_AGGRESSIVE;
				GCC_WARN_UNUSED_FUNCTION = YES;
				GCC_WARN_UNUSED_VARIABLE = YES;
				IPHONEOS_DEPLOYMENT_TARGET = 14.0;
				MTL_ENABLE_DEBUG_INFO = NO;
				MTL_FAST_MATH = YES;
				SDKROOT = iphoneos;
				SWIFT_COMPILATION_MODE = wholemodule;
				SWIFT_OPTIMIZATION_LEVEL = "-O";
				VALIDATE_PRODUCT = YES;
			};
			name = Release;
		};
		42FDB9F628B869B500979471 /* Debug */ = {
			isa = XCBuildConfiguration;
			baseConfigurationReference = 6329CAC9989CF49DF01C9A2C /* Pods-AWSL.debug.xcconfig */;
			buildSettings = {
				ASSETCATALOG_COMPILER_APPICON_NAME = AppIcon;
				ASSETCATALOG_COMPILER_GLOBAL_ACCENT_COLOR_NAME = AccentColor;
				CODE_SIGN_STYLE = Automatic;
				CURRENT_PROJECT_VERSION = 9;
				DEVELOPMENT_TEAM = 77M64ZZJGP;
				GENERATE_INFOPLIST_FILE = YES;
				INFOPLIST_FILE = AWSL/Info.plist;
				INFOPLIST_KEY_NSPhotoLibraryUsageDescription = "请允许 AWSL 访问您的相册以将图片保存到您的相册";
				INFOPLIST_KEY_UIApplicationSupportsIndirectInputEvents = YES;
				INFOPLIST_KEY_UILaunchStoryboardName = LaunchScreen;
				INFOPLIST_KEY_UIRequiresFullScreen = YES;
				INFOPLIST_KEY_UISupportedInterfaceOrientations_iPad = "UIInterfaceOrientationPortrait UIInterfaceOrientationPortraitUpsideDown UIInterfaceOrientationLandscapeLeft UIInterfaceOrientationLandscapeRight";
				INFOPLIST_KEY_UISupportedInterfaceOrientations_iPhone = UIInterfaceOrientationPortrait;
				IPHONEOS_DEPLOYMENT_TARGET = 14.0;
				LD_RUNPATH_SEARCH_PATHS = (
					"$(inherited)",
					"@executable_path/Frameworks",
				);
				MARKETING_VERSION = 1.0.0;
				PRODUCT_BUNDLE_IDENTIFIER = com.FlyKite.AWSL;
				PRODUCT_NAME = "$(TARGET_NAME)";
				SWIFT_EMIT_LOC_STRINGS = YES;
				SWIFT_VERSION = 5.0;
				TARGETED_DEVICE_FAMILY = "1,2";
			};
			name = Debug;
		};
		42FDB9F728B869B500979471 /* Release */ = {
			isa = XCBuildConfiguration;
			baseConfigurationReference = EECD763E72D0C4B5201A2D38 /* Pods-AWSL.release.xcconfig */;
			buildSettings = {
				ASSETCATALOG_COMPILER_APPICON_NAME = AppIcon;
				ASSETCATALOG_COMPILER_GLOBAL_ACCENT_COLOR_NAME = AccentColor;
				CODE_SIGN_STYLE = Automatic;
				CURRENT_PROJECT_VERSION = 9;
				DEVELOPMENT_TEAM = 77M64ZZJGP;
				GENERATE_INFOPLIST_FILE = YES;
				INFOPLIST_FILE = AWSL/Info.plist;
				INFOPLIST_KEY_NSPhotoLibraryUsageDescription = "请允许 AWSL 访问您的相册以将图片保存到您的相册";
				INFOPLIST_KEY_UIApplicationSupportsIndirectInputEvents = YES;
				INFOPLIST_KEY_UILaunchStoryboardName = LaunchScreen;
				INFOPLIST_KEY_UIRequiresFullScreen = YES;
				INFOPLIST_KEY_UISupportedInterfaceOrientations_iPad = "UIInterfaceOrientationPortrait UIInterfaceOrientationPortraitUpsideDown UIInterfaceOrientationLandscapeLeft UIInterfaceOrientationLandscapeRight";
				INFOPLIST_KEY_UISupportedInterfaceOrientations_iPhone = UIInterfaceOrientationPortrait;
				IPHONEOS_DEPLOYMENT_TARGET = 14.0;
				LD_RUNPATH_SEARCH_PATHS = (
					"$(inherited)",
					"@executable_path/Frameworks",
				);
				MARKETING_VERSION = 1.0.0;
				PRODUCT_BUNDLE_IDENTIFIER = com.FlyKite.AWSL;
				PRODUCT_NAME = "$(TARGET_NAME)";
				SWIFT_EMIT_LOC_STRINGS = YES;
				SWIFT_VERSION = 5.0;
				TARGETED_DEVICE_FAMILY = "1,2";
			};
			name = Release;
		};
/* End XCBuildConfiguration section */

/* Begin XCConfigurationList section */
		42FDB9DC28B869B400979471 /* Build configuration list for PBXProject "AWSL" */ = {
			isa = XCConfigurationList;
			buildConfigurations = (
				42FDB9F328B869B500979471 /* Debug */,
				42FDB9F428B869B500979471 /* Release */,
			);
			defaultConfigurationIsVisible = 0;
			defaultConfigurationName = Release;
		};
		42FDB9F528B869B500979471 /* Build configuration list for PBXNativeTarget "AWSL" */ = {
			isa = XCConfigurationList;
			buildConfigurations = (
				42FDB9F628B869B500979471 /* Debug */,
				42FDB9F728B869B500979471 /* Release */,
			);
			defaultConfigurationIsVisible = 0;
			defaultConfigurationName = Release;
		};
/* End XCConfigurationList section */
	};
	rootObject = 42FDB9D928B869B400979471 /* Project object */;
}
